// !$*UTF8*$!
{
	archiveVersion = 1;
	classes = {
	};
	objectVersion = 50;
	objects = {

/* Begin PBXBuildFile section */
		810F795126DC8172009A6C16 /* ScoreCell.swift in Sources */ = {isa = PBXBuildFile; fileRef = 810F794F26DC8172009A6C16 /* ScoreCell.swift */; };
		810F795226DC8172009A6C16 /* ScoreCell.xib in Resources */ = {isa = PBXBuildFile; fileRef = 810F795026DC8172009A6C16 /* ScoreCell.xib */; };
		811221A826DA18AC00FE571A /* Question.swift in Sources */ = {isa = PBXBuildFile; fileRef = 811221A726DA18AC00FE571A /* Question.swift */; };
		811221AC26DA1A0A00FE571A /* Caretaker.swift in Sources */ = {isa = PBXBuildFile; fileRef = 811221AB26DA1A0A00FE571A /* Caretaker.swift */; };
		8168D2A326DA597D005ABABD /* GameSession.swift in Sources */ = {isa = PBXBuildFile; fileRef = 8168D2A226DA597D005ABABD /* GameSession.swift */; };
		8168D2A526DA59D7005ABABD /* Game.swift in Sources */ = {isa = PBXBuildFile; fileRef = 8168D2A426DA59D7005ABABD /* Game.swift */; };
		8168D2A926DA63C2005ABABD /* MainVC.swift in Sources */ = {isa = PBXBuildFile; fileRef = 8168D2A826DA63C2005ABABD /* MainVC.swift */; };
		8168D2AB26DA6796005ABABD /* GameVC.swift in Sources */ = {isa = PBXBuildFile; fileRef = 8168D2AA26DA6796005ABABD /* GameVC.swift */; };
		8168D2AD26DA6CBD005ABABD /* ScoreVC.swift in Sources */ = {isa = PBXBuildFile; fileRef = 8168D2AC26DA6CBD005ABABD /* ScoreVC.swift */; };
		81A2469526D9F29B0045AF87 /* AppDelegate.swift in Sources */ = {isa = PBXBuildFile; fileRef = 81A2469426D9F29B0045AF87 /* AppDelegate.swift */; };
		81A2469726D9F29B0045AF87 /* SceneDelegate.swift in Sources */ = {isa = PBXBuildFile; fileRef = 81A2469626D9F29B0045AF87 /* SceneDelegate.swift */; };
		81A2469C26D9F29B0045AF87 /* Main.storyboard in Resources */ = {isa = PBXBuildFile; fileRef = 81A2469A26D9F29B0045AF87 /* Main.storyboard */; };
		81A2469E26D9F29B0045AF87 /* Assets.xcassets in Resources */ = {isa = PBXBuildFile; fileRef = 81A2469D26D9F29B0045AF87 /* Assets.xcassets */; };
		81A246A126D9F29B0045AF87 /* LaunchScreen.storyboard in Resources */ = {isa = PBXBuildFile; fileRef = 81A2469F26D9F29B0045AF87 /* LaunchScreen.storyboard */; };
/* End PBXBuildFile section */

/* Begin PBXFileReference section */
		810F794F26DC8172009A6C16 /* ScoreCell.swift */ = {isa = PBXFileReference; lastKnownFileType = sourcecode.swift; path = ScoreCell.swift; sourceTree = "<group>"; };
		810F795026DC8172009A6C16 /* ScoreCell.xib */ = {isa = PBXFileReference; lastKnownFileType = file.xib; path = ScoreCell.xib; sourceTree = "<group>"; };
		811221A726DA18AC00FE571A /* Question.swift */ = {isa = PBXFileReference; lastKnownFileType = sourcecode.swift; path = Question.swift; sourceTree = "<group>"; };
		811221AB26DA1A0A00FE571A /* Caretaker.swift */ = {isa = PBXFileReference; lastKnownFileType = sourcecode.swift; path = Caretaker.swift; sourceTree = "<group>"; };
		8168D2A226DA597D005ABABD /* GameSession.swift */ = {isa = PBXFileReference; lastKnownFileType = sourcecode.swift; path = GameSession.swift; sourceTree = "<group>"; };
		8168D2A426DA59D7005ABABD /* Game.swift */ = {isa = PBXFileReference; lastKnownFileType = sourcecode.swift; path = Game.swift; sourceTree = "<group>"; };
		8168D2A826DA63C2005ABABD /* MainVC.swift */ = {isa = PBXFileReference; lastKnownFileType = sourcecode.swift; path = MainVC.swift; sourceTree = "<group>"; };
		8168D2AA26DA6796005ABABD /* GameVC.swift */ = {isa = PBXFileReference; lastKnownFileType = sourcecode.swift; path = GameVC.swift; sourceTree = "<group>"; };
		8168D2AC26DA6CBD005ABABD /* ScoreVC.swift */ = {isa = PBXFileReference; lastKnownFileType = sourcecode.swift; path = ScoreVC.swift; sourceTree = "<group>"; };
		81A2469126D9F29B0045AF87 /* millionaire.app */ = {isa = PBXFileReference; explicitFileType = wrapper.application; includeInIndex = 0; path = millionaire.app; sourceTree = BUILT_PRODUCTS_DIR; };
		81A2469426D9F29B0045AF87 /* AppDelegate.swift */ = {isa = PBXFileReference; lastKnownFileType = sourcecode.swift; path = AppDelegate.swift; sourceTree = "<group>"; };
		81A2469626D9F29B0045AF87 /* SceneDelegate.swift */ = {isa = PBXFileReference; lastKnownFileType = sourcecode.swift; path = SceneDelegate.swift; sourceTree = "<group>"; };
		81A2469B26D9F29B0045AF87 /* Base */ = {isa = PBXFileReference; lastKnownFileType = file.storyboard; name = Base; path = Base.lproj/Main.storyboard; sourceTree = "<group>"; };
		81A2469D26D9F29B0045AF87 /* Assets.xcassets */ = {isa = PBXFileReference; lastKnownFileType = folder.assetcatalog; path = Assets.xcassets; sourceTree = "<group>"; };
		81A246A026D9F29B0045AF87 /* Base */ = {isa = PBXFileReference; lastKnownFileType = file.storyboard; name = Base; path = Base.lproj/LaunchScreen.storyboard; sourceTree = "<group>"; };
		81A246A226D9F29C0045AF87 /* Info.plist */ = {isa = PBXFileReference; lastKnownFileType = text.plist.xml; path = Info.plist; sourceTree = "<group>"; };
/* End PBXFileReference section */

/* Begin PBXFrameworksBuildPhase section */
		81A2468E26D9F29B0045AF87 /* Frameworks */ = {
			isa = PBXFrameworksBuildPhase;
			buildActionMask = 2147483647;
			files = (
			);
			runOnlyForDeploymentPostprocessing = 0;
		};
/* End PBXFrameworksBuildPhase section */

/* Begin PBXGroup section */
		810F794E26DC8125009A6C16 /* Cell */ = {
			isa = PBXGroup;
			children = (
				810F794F26DC8172009A6C16 /* ScoreCell.swift */,
				810F795026DC8172009A6C16 /* ScoreCell.xib */,
			);
			path = Cell;
			sourceTree = "<group>";
		};
		811221A926DA198A00FE571A /* Game */ = {
			isa = PBXGroup;
			children = (
				811221A726DA18AC00FE571A /* Question.swift */,
				8168D2A426DA59D7005ABABD /* Game.swift */,
				8168D2A226DA597D005ABABD /* GameSession.swift */,
			);
			path = Game;
			sourceTree = "<group>";
		};
		811221AA26DA19C500FE571A /* Memento */ = {
			isa = PBXGroup;
			children = (
				811221AB26DA1A0A00FE571A /* Caretaker.swift */,
			);
			path = Memento;
			sourceTree = "<group>";
		};
		8168D2A626DA62C4005ABABD /* Controllers */ = {
			isa = PBXGroup;
			children = (
				8168D2A826DA63C2005ABABD /* MainVC.swift */,
				8168D2AA26DA6796005ABABD /* GameVC.swift */,
				8168D2AC26DA6CBD005ABABD /* ScoreVC.swift */,
			);
			path = Controllers;
			sourceTree = "<group>";
		};
		8168D2A726DA62FE005ABABD /* Fundamental */ = {
			isa = PBXGroup;
			children = (
				81A2469426D9F29B0045AF87 /* AppDelegate.swift */,
				81A2469626D9F29B0045AF87 /* SceneDelegate.swift */,
			);
			name = Fundamental;
			sourceTree = "<group>";
		};
		81A2468826D9F29B0045AF87 = {
			isa = PBXGroup;
			children = (
				81A2469326D9F29B0045AF87 /* millionaire */,
				81A2469226D9F29B0045AF87 /* Products */,
			);
			sourceTree = "<group>";
		};
		81A2469226D9F29B0045AF87 /* Products */ = {
			isa = PBXGroup;
			children = (
				81A2469126D9F29B0045AF87 /* millionaire.app */,
			);
			name = Products;
			sourceTree = "<group>";
		};
		81A2469326D9F29B0045AF87 /* millionaire */ = {
			isa = PBXGroup;
			children = (
				811221AA26DA19C500FE571A /* Memento */,
				811221A926DA198A00FE571A /* Game */,
				8168D2A626DA62C4005ABABD /* Controllers */,
				810F794E26DC8125009A6C16 /* Cell */,
				8168D2A726DA62FE005ABABD /* Fundamental */,
				81A2469A26D9F29B0045AF87 /* Main.storyboard */,
				81A2469D26D9F29B0045AF87 /* Assets.xcassets */,
				81A2469F26D9F29B0045AF87 /* LaunchScreen.storyboard */,
				81A246A226D9F29C0045AF87 /* Info.plist */,
			);
			path = millionaire;
			sourceTree = "<group>";
		};
/* End PBXGroup section */

/* Begin PBXNativeTarget section */
		81A2469026D9F29B0045AF87 /* millionaire */ = {
			isa = PBXNativeTarget;
			buildConfigurationList = 81A246A526D9F29C0045AF87 /* Build configuration list for PBXNativeTarget "millionaire" */;
			buildPhases = (
				81A2468D26D9F29B0045AF87 /* Sources */,
				81A2468E26D9F29B0045AF87 /* Frameworks */,
				81A2468F26D9F29B0045AF87 /* Resources */,
			);
			buildRules = (
			);
			dependencies = (
			);
			name = millionaire;
			productName = millionaire;
			productReference = 81A2469126D9F29B0045AF87 /* millionaire.app */;
			productType = "com.apple.product-type.application";
		};
/* End PBXNativeTarget section */

/* Begin PBXProject section */
		81A2468926D9F29B0045AF87 /* Project object */ = {
			isa = PBXProject;
			attributes = {
				LastSwiftUpdateCheck = 1250;
				LastUpgradeCheck = 1250;
				TargetAttributes = {
					81A2469026D9F29B0045AF87 = {
						CreatedOnToolsVersion = 12.5.1;
					};
				};
			};
			buildConfigurationList = 81A2468C26D9F29B0045AF87 /* Build configuration list for PBXProject "millionaire" */;
			compatibilityVersion = "Xcode 9.3";
			developmentRegion = en;
			hasScannedForEncodings = 0;
			knownRegions = (
				en,
				Base,
			);
			mainGroup = 81A2468826D9F29B0045AF87;
			productRefGroup = 81A2469226D9F29B0045AF87 /* Products */;
			projectDirPath = "";
			projectRoot = "";
			targets = (
				81A2469026D9F29B0045AF87 /* millionaire */,
			);
		};
/* End PBXProject section */

/* Begin PBXResourcesBuildPhase section */
		81A2468F26D9F29B0045AF87 /* Resources */ = {
			isa = PBXResourcesBuildPhase;
			buildActionMask = 2147483647;
			files = (
				81A246A126D9F29B0045AF87 /* LaunchScreen.storyboard in Resources */,
				81A2469E26D9F29B0045AF87 /* Assets.xcassets in Resources */,
				810F795226DC8172009A6C16 /* ScoreCell.xib in Resources */,
				81A2469C26D9F29B0045AF87 /* Main.storyboard in Resources */,
			);
			runOnlyForDeploymentPostprocessing = 0;
		};
/* End PBXResourcesBuildPhase section */

/* Begin PBXSourcesBuildPhase section */
		81A2468D26D9F29B0045AF87 /* Sources */ = {
			isa = PBXSourcesBuildPhase;
			buildActionMask = 2147483647;
			files = (
				811221A826DA18AC00FE571A /* Question.swift in Sources */,
				8168D2A526DA59D7005ABABD /* Game.swift in Sources */,
				8168D2AB26DA6796005ABABD /* GameVC.swift in Sources */,
				81A2469526D9F29B0045AF87 /* AppDelegate.swift in Sources */,
				8168D2AD26DA6CBD005ABABD /* ScoreVC.swift in Sources */,
				811221AC26DA1A0A00FE571A /* Caretaker.swift in Sources */,
				8168D2A326DA597D005ABABD /* GameSession.swift in Sources */,
				81A2469726D9F29B0045AF87 /* SceneDelegate.swift in Sources */,
				810F795126DC8172009A6C16 /* ScoreCell.swift in Sources */,
				8168D2A926DA63C2005ABABD /* MainVC.swift in Sources */,
			);
			runOnlyForDeploymentPostprocessing = 0;
		};
/* End PBXSourcesBuildPhase section */

/* Begin PBXVariantGroup section */
		81A2469A26D9F29B0045AF87 /* Main.storyboard */ = {
			isa = PBXVariantGroup;
			children = (
				81A2469B26D9F29B0045AF87 /* Base */,
			);
			name = Main.storyboard;
			sourceTree = "<group>";
		};
		81A2469F26D9F29B0045AF87 /* LaunchScreen.storyboard */ = {
			isa = PBXVariantGroup;
			children = (
				81A246A026D9F29B0045AF87 /* Base */,
			);
			name = LaunchScreen.storyboard;
			sourceTree = "<group>";
		};
/* End PBXVariantGroup section */

/* Begin XCBuildConfiguration section */
		81A246A326D9F29C0045AF87 /* Debug */ = {
			isa = XCBuildConfiguration;
			buildSettings = {
				ALWAYS_SEARCH_USER_PATHS = NO;
				CLANG_ANALYZER_NONNULL = YES;
				CLANG_ANALYZER_NUMBER_OBJECT_CONVERSION = YES_AGGRESSIVE;
				CLANG_CXX_LANGUAGE_STANDARD = "gnu++14";
				CLANG_CXX_LIBRARY = "libc++";
				CLANG_ENABLE_MODULES = YES;
				CLANG_ENABLE_OBJC_ARC = YES;
				CLANG_ENABLE_OBJC_WEAK = YES;
				CLANG_WARN_BLOCK_CAPTURE_AUTORELEASING = YES;
				CLANG_WARN_BOOL_CONVERSION = YES;
				CLANG_WARN_COMMA = YES;
				CLANG_WARN_CONSTANT_CONVERSION = YES;
				CLANG_WARN_DEPRECATED_OBJC_IMPLEMENTATIONS = YES;
				CLANG_WARN_DIRECT_OBJC_ISA_USAGE = YES_ERROR;
				CLANG_WARN_DOCUMENTATION_COMMENTS = YES;
				CLANG_WARN_EMPTY_BODY = YES;
				CLANG_WARN_ENUM_CONVERSION = YES;
				CLANG_WARN_INFINITE_RECURSION = YES;
				CLANG_WARN_INT_CONVERSION = YES;
				CLANG_WARN_NON_LITERAL_NULL_CONVERSION = YES;
				CLANG_WARN_OBJC_IMPLICIT_RETAIN_SELF = YES;
				CLANG_WARN_OBJC_LITERAL_CONVERSION = YES;
				CLANG_WARN_OBJC_ROOT_CLASS = YES_ERROR;
				CLANG_WARN_QUOTED_INCLUDE_IN_FRAMEWORK_HEADER = YES;
				CLANG_WARN_RANGE_LOOP_ANALYSIS = YES;
				CLANG_WARN_STRICT_PROTOTYPES = YES;
				CLANG_WARN_SUSPICIOUS_MOVE = YES;
				CLANG_WARN_UNGUARDED_AVAILABILITY = YES_AGGRESSIVE;
				CLANG_WARN_UNREACHABLE_CODE = YES;
				CLANG_WARN__DUPLICATE_METHOD_MATCH = YES;
				COPY_PHASE_STRIP = NO;
				DEBUG_INFORMATION_FORMAT = dwarf;
				ENABLE_STRICT_OBJC_MSGSEND = YES;
				ENABLE_TESTABILITY = YES;
				GCC_C_LANGUAGE_STANDARD = gnu11;
				GCC_DYNAMIC_NO_PIC = NO;
				GCC_NO_COMMON_BLOCKS = YES;
				GCC_OPTIMIZATION_LEVEL = 0;
				GCC_PREPROCESSOR_DEFINITIONS = (
					"DEBUG=1",
					"$(inherited)",
				);
				GCC_WARN_64_TO_32_BIT_CONVERSION = YES;
				GCC_WARN_ABOUT_RETURN_TYPE = YES_ERROR;
				GCC_WARN_UNDECLARED_SELECTOR = YES;
				GCC_WARN_UNINITIALIZED_AUTOS = YES_AGGRESSIVE;
				GCC_WARN_UNUSED_FUNCTION = YES;
				GCC_WARN_UNUSED_VARIABLE = YES;
				IPHONEOS_DEPLOYMENT_TARGET = 14.5;
				MTL_ENABLE_DEBUG_INFO = INCLUDE_SOURCE;
				MTL_FAST_MATH = YES;
				ONLY_ACTIVE_ARCH = YES;
				SDKROOT = iphoneos;
				SWIFT_ACTIVE_COMPILATION_CONDITIONS = DEBUG;
				SWIFT_OPTIMIZATION_LEVEL = "-Onone";
			};
			name = Debug;
		};
		81A246A426D9F29C0045AF87 /* Release */ = {
			isa = XCBuildConfiguration;
			buildSettings = {
				ALWAYS_SEARCH_USER_PATHS = NO;
				CLANG_ANALYZER_NONNULL = YES;
				CLANG_ANALYZER_NUMBER_OBJECT_CONVERSION = YES_AGGRESSIVE;
				CLANG_CXX_LANGUAGE_STANDARD = "gnu++14";
				CLANG_CXX_LIBRARY = "libc++";
				CLANG_ENABLE_MODULES = YES;
				CLANG_ENABLE_OBJC_ARC = YES;
				CLANG_ENABLE_OBJC_WEAK = YES;
				CLANG_WARN_BLOCK_CAPTURE_AUTORELEASING = YES;
				CLANG_WARN_BOOL_CONVERSION = YES;
				CLANG_WARN_COMMA = YES;
				CLANG_WARN_CONSTANT_CONVERSION = YES;
				CLANG_WARN_DEPRECATED_OBJC_IMPLEMENTATIONS = YES;
				CLANG_WARN_DIRECT_OBJC_ISA_USAGE = YES_ERROR;
				CLANG_WARN_DOCUMENTATION_COMMENTS = YES;
				CLANG_WARN_EMPTY_BODY = YES;
				CLANG_WARN_ENUM_CONVERSION = YES;
				CLANG_WARN_INFINITE_RECURSION = YES;
				CLANG_WARN_INT_CONVERSION = YES;
				CLANG_WARN_NON_LITERAL_NULL_CONVERSION = YES;
				CLANG_WARN_OBJC_IMPLICIT_RETAIN_SELF = YES;
				CLANG_WARN_OBJC_LITERAL_CONVERSION = YES;
				CLANG_WARN_OBJC_ROOT_CLASS = YES_ERROR;
				CLANG_WARN_QUOTED_INCLUDE_IN_FRAMEWORK_HEADER = YES;
				CLANG_WARN_RANGE_LOOP_ANALYSIS = YES;
				CLANG_WARN_STRICT_PROTOTYPES = YES;
				CLANG_WARN_SUSPICIOUS_MOVE = YES;
				CLANG_WARN_UNGUARDED_AVAILABILITY = YES_AGGRESSIVE;
				CLANG_WARN_UNREACHABLE_CODE = YES;
				CLANG_WARN__DUPLICATE_METHOD_MATCH = YES;
				COPY_PHASE_STRIP = NO;
				DEBUG_INFORMATION_FORMAT = "dwarf-with-dsym";
				ENABLE_NS_ASSERTIONS = NO;
				ENABLE_STRICT_OBJC_MSGSEND = YES;
				GCC_C_LANGUAGE_STANDARD = gnu11;
				GCC_NO_COMMON_BLOCKS = YES;
				GCC_WARN_64_TO_32_BIT_CONVERSION = YES;
				GCC_WARN_ABOUT_RETURN_TYPE = YES_ERROR;
				GCC_WARN_UNDECLARED_SELECTOR = YES;
				GCC_WARN_UNINITIALIZED_AUTOS = YES_AGGRESSIVE;
				GCC_WARN_UNUSED_FUNCTION = YES;
				GCC_WARN_UNUSED_VARIABLE = YES;
				IPHONEOS_DEPLOYMENT_TARGET = 14.5;
				MTL_ENABLE_DEBUG_INFO = NO;
				MTL_FAST_MATH = YES;
				SDKROOT = iphoneos;
				SWIFT_COMPILATION_MODE = wholemodule;
				SWIFT_OPTIMIZATION_LEVEL = "-O";
				VALIDATE_PRODUCT = YES;
			};
			name = Release;
		};
		81A246A626D9F29C0045AF87 /* Debug */ = {
			isa = XCBuildConfiguration;
			buildSettings = {
				ASSETCATALOG_COMPILER_APPICON_NAME = AppIcon;
				ASSETCATALOG_COMPILER_GLOBAL_ACCENT_COLOR_NAME = AccentColor;
				CODE_SIGN_STYLE = Automatic;
				DEVELOPMENT_TEAM = SPAUA3R9XX;
				INFOPLIST_FILE = millionaire/Info.plist;
				LD_RUNPATH_SEARCH_PATHS = (
					"$(inherited)",
					"@executable_path/Frameworks",
				);
				PRODUCT_BUNDLE_IDENTIFIER = SPAUA3R9XX.millionaire;
				PRODUCT_NAME = "$(TARGET_NAME)";
				SWIFT_VERSION = 5.0;
				TARGETED_DEVICE_FAMILY = "1,2";
			};
			name = Debug;
		};
		81A246A726D9F29C0045AF87 /* Release */ = {
			isa = XCBuildConfiguration;
			buildSettings = {
				ASSETCATALOG_COMPILER_APPICON_NAME = AppIcon;
				ASSETCATALOG_COMPILER_GLOBAL_ACCENT_COLOR_NAME = AccentColor;
				CODE_SIGN_STYLE = Automatic;
				DEVELOPMENT_TEAM = SPAUA3R9XX;
				INFOPLIST_FILE = millionaire/Info.plist;
				LD_RUNPATH_SEARCH_PATHS = (
					"$(inherited)",
					"@executable_path/Frameworks",
				);
				PRODUCT_BUNDLE_IDENTIFIER = SPAUA3R9XX.millionaire;
				PRODUCT_NAME = "$(TARGET_NAME)";
				SWIFT_VERSION = 5.0;
				TARGETED_DEVICE_FAMILY = "1,2";
			};
			name = Release;
		};
/* End XCBuildConfiguration section */

/* Begin XCConfigurationList section */
		81A2468C26D9F29B0045AF87 /* Build configuration list for PBXProject "millionaire" */ = {
			isa = XCConfigurationList;
			buildConfigurations = (
				81A246A326D9F29C0045AF87 /* Debug */,
				81A246A426D9F29C0045AF87 /* Release */,
			);
			defaultConfigurationIsVisible = 0;
			defaultConfigurationName = Release;
		};
		81A246A526D9F29C0045AF87 /* Build configuration list for PBXNativeTarget "millionaire" */ = {
			isa = XCConfigurationList;
			buildConfigurations = (
				81A246A626D9F29C0045AF87 /* Debug */,
				81A246A726D9F29C0045AF87 /* Release */,
			);
			defaultConfigurationIsVisible = 0;
			defaultConfigurationName = Release;
		};
/* End XCConfigurationList section */
	};
	rootObject = 81A2468926D9F29B0045AF87 /* Project object */;
}
